<Solution>
  <Folder Name="/CatalogService/">
    <Project Path="CatalogService/CatalogService.csproj" />
  </Folder>
  <Folder Name="/NotificationService/">
    <Project Path="NotificationService/NotificationService.csproj" />
  </Folder>
  <Folder Name="/OrderService/">
    <Project Path="OrderService/OrderService.csproj" />
  </Folder>
  <Folder Name="/PaymentService/">
    <Project Path="PaymentService/PaymentService.csproj" />
  </Folder>
  <Folder Name="/ShippingService/">
    <Project Path="ShippingService/ShippingService.csproj" />
  </Folder>
  <Project Path="NextAurora.AppHost/NextAurora.AppHost.csproj" />
  <Project Path="NextAurora.Contracts/NextAurora.Contracts.csproj" />
  <Project Path="NextAurora.ServiceDefaults/NextAurora.ServiceDefaults.csproj" />
  <Project Path="SellerPortal/SellerPortal.csproj" />
  <Project Path="Storefront/Storefront.csproj" />
  <Folder Name="/Tests/">
    <Project Path="tests/OrderService.Tests.Unit/OrderService.Tests.Unit.csproj" />
    <Project Path="tests/PaymentService.Tests.Unit/PaymentService.Tests.Unit.csproj" />
    <Project Path="tests/ShippingService.Tests.Unit/ShippingService.Tests.Unit.csproj" />
    <Project Path="tests/CatalogService.Tests.Unit/CatalogService.Tests.Unit.csproj" />
    <Project Path="tests/NotificationService.Tests.Unit/NotificationService.Tests.Unit.csproj" />
    <Project Path="tests/CatalogService.Tests.Integration/CatalogService.Tests.Integration.csproj" />
    <Project Path="tests/OrderService.Tests.Integration/OrderService.Tests.Integration.csproj" />
    <Project Path="tests/PaymentService.Tests.Integration/PaymentService.Tests.Integration.csproj" />
    <Project Path="tests/ShippingService.Tests.Integration/ShippingService.Tests.Integration.csproj" />
  </Folder>
  <Folder Name="/Benchmarks/">
    <Project Path="benchmarks/NextAurora.Benchmarks/NextAurora.Benchmarks.csproj" />
  </Folder>
</Solution>
